
Microsoft Visual Studio Solution File, Format Version 12.00
# Visual Studio Version 16
VisualStudioVersion = 16.0.29102.190
MinimumVisualStudioVersion = 10.0.40219.1
Project("{FAE04EC0-301F-11D3-BF4B-00C04F79EFBC}") = "PDFTronAPI", "PDFTronAPI.csproj", "{D4BE6C58-E7F2-45A7-AFEE-34E74A7D17A9}"
EndProject
Global
	GlobalSection(SolutionConfigurationPlatforms) = preSolution
		Debug|Any CPU = Debug|Any CPU
		Release|Any CPU = Release|Any CPU
	EndGlobalSection
	GlobalSection(ProjectConfigurationPlatforms) = postSolution
		{D4BE6C58-E7F2-45A7-AFEE-34E74A7D17A9}.Debug|Any CPU.ActiveCfg = Debug|Any CPU
		{D4BE6C58-E7F2-45A7-AFEE-34E74A7D17A9}.Debug|Any CPU.Build.0 = Debug|Any CPU
		{D4BE6C58-E7F2-45A7-AFEE-34E74A7D17A9}.Release|Any CPU.ActiveCfg = Release|Any CPU
		{D4BE6C58-E7F2-45A7-AFEE-34E74A7D17A9}.Release|Any CPU.Build.0 = Release|Any CPU
	EndGlobalSection
	GlobalSection(SolutionProperties) = preSolution
		HideSolutionNode = FALSE
	EndGlobalSection
	GlobalSection(ExtensibilityGlobals) = postSolution
		SolutionGuid = {F2E283D2-BF25-47CB-8B0A-5048E4A97B91}
	EndGlobalSection
EndGlobal
